
Microsoft Visual Studio Solution File, Format Version 12.00
# Visual Studio 15
VisualStudioVersion = 15.0.27130.2027
MinimumVisualStudioVersion = 10.0.40219.1
Project("{FAE04EC0-301F-11D3-BF4B-00C04F79EFBC}") = "Geonorge.Forvaltningsinformasjon", "Geonorge.Forvaltningsinformasjon\Geonorge.Forvaltningsinformasjon.csproj", "{7ED25CFF-2F3F-4DE9-98F8-68E8C78A8058}"
EndProject
Global
	GlobalSection(SolutionConfigurationPlatforms) = preSolution
		Debug|Any CPU = Debug|Any CPU
		Release|Any CPU = Release|Any CPU
	EndGlobalSection
	GlobalSection(ProjectConfigurationPlatforms) = postSolution
		{7ED25CFF-2F3F-4DE9-98F8-68E8C78A8058}.Debug|Any CPU.ActiveCfg = Debug|Any CPU
		{7ED25CFF-2F3F-4DE9-98F8-68E8C78A8058}.Debug|Any CPU.Build.0 = Debug|Any CPU
		{7ED25CFF-2F3F-4DE9-98F8-68E8C78A8058}.Release|Any CPU.ActiveCfg = Release|Any CPU
		{7ED25CFF-2F3F-4DE9-98F8-68E8C78A8058}.Release|Any CPU.Build.0 = Release|Any CPU
	EndGlobalSection
	GlobalSection(SolutionProperties) = preSolution
		HideSolutionNode = FALSE
	EndGlobalSection
	GlobalSection(ExtensibilityGlobals) = postSolution
		SolutionGuid = {E362862E-0A1F-4E74-9136-D9C0E0B4850E}
	EndGlobalSection
EndGlobal
